
Microsoft Visual Studio Solution File, Format Version 12.00
# Visual Studio 15
VisualStudioVersion = 15.0.28010.2046
MinimumVisualStudioVersion = 10.0.40219.1
Project("{9A19103F-16F7-4668-BE54-9A1E7A4F7556}") = "MHWSaveUtils", "MHWSaveUtils\MHWSaveUtils.csproj", "{C2FD3AC1-EB13-4508-9317-8DDDEA77B90A}"
EndProject
Project("{FAE04EC0-301F-11D3-BF4B-00C04F79EFBC}") = "MHWSaveUtils.Tester", "MHWSaveUtils.Tester\MHWSaveUtils.Tester.csproj", "{03E97399-A698-4FE5-9F13-AB2AB4B9E1E7}"
EndProject
Global
	GlobalSection(SolutionConfigurationPlatforms) = preSolution
		Debug|Any CPU = Debug|Any CPU
		Release|Any CPU = Release|Any CPU
	EndGlobalSection
	GlobalSection(ProjectConfigurationPlatforms) = postSolution
		{C2FD3AC1-EB13-4508-9317-8DDDEA77B90A}.Debug|Any CPU.ActiveCfg = Debug|Any CPU
		{C2FD3AC1-EB13-4508-9317-8DDDEA77B90A}.Debug|Any CPU.Build.0 = Debug|Any CPU
		{C2FD3AC1-EB13-4508-9317-8DDDEA77B90A}.Release|Any CPU.ActiveCfg = Release|Any CPU
		{C2FD3AC1-EB13-4508-9317-8DDDEA77B90A}.Release|Any CPU.Build.0 = Release|Any CPU
		{03E97399-A698-4FE5-9F13-AB2AB4B9E1E7}.Debug|Any CPU.ActiveCfg = Debug|Any CPU
		{03E97399-A698-4FE5-9F13-AB2AB4B9E1E7}.Debug|Any CPU.Build.0 = Debug|Any CPU
		{03E97399-A698-4FE5-9F13-AB2AB4B9E1E7}.Release|Any CPU.ActiveCfg = Release|Any CPU
		{03E97399-A698-4FE5-9F13-AB2AB4B9E1E7}.Release|Any CPU.Build.0 = Release|Any CPU
	EndGlobalSection
	GlobalSection(SolutionProperties) = preSolution
		HideSolutionNode = FALSE
	EndGlobalSection
	GlobalSection(ExtensibilityGlobals) = postSolution
		SolutionGuid = {4DE960AD-24D9-4567-8957-E09AC53952BE}
	EndGlobalSection
EndGlobal
